
Microsoft Visual Studio Solution File, Format Version 12.00
# Visual Studio 15
VisualStudioVersion = 15.0.27428.2037
MinimumVisualStudioVersion = 10.0.40219.1
Project("{FAE04EC0-301F-11D3-BF4B-00C04F79EFBC}") = "BlessLoader", "BlessLoader\BlessLoader.csproj", "{8A52D56A-FF1D-4A3A-9AA1-E85BE68B21C9}"
EndProject
Global
	GlobalSection(SolutionConfigurationPlatforms) = preSolution
		Debug|Any CPU = Debug|Any CPU
		Release|Any CPU = Release|Any CPU
	EndGlobalSection
	GlobalSection(ProjectConfigurationPlatforms) = postSolution
		{8A52D56A-FF1D-4A3A-9AA1-E85BE68B21C9}.Debug|Any CPU.ActiveCfg = Debug|Any CPU
		{8A52D56A-FF1D-4A3A-9AA1-E85BE68B21C9}.Debug|Any CPU.Build.0 = Debug|Any CPU
		{8A52D56A-FF1D-4A3A-9AA1-E85BE68B21C9}.Release|Any CPU.ActiveCfg = Release|Any CPU
		{8A52D56A-FF1D-4A3A-9AA1-E85BE68B21C9}.Release|Any CPU.Build.0 = Release|Any CPU
	EndGlobalSection
	GlobalSection(SolutionProperties) = preSolution
		HideSolutionNode = FALSE
	EndGlobalSection
	GlobalSection(ExtensibilityGlobals) = postSolution
		SolutionGuid = {594E7257-8D6E-44B3-B84B-AE4C85B20FB5}
	EndGlobalSection
EndGlobal
